# THIS IS AN AUTOGENERATED FILE. DO NOT EDIT THIS FILE DIRECTLY.
# yarn lockfile v1


"@babel/runtime@^7.12.0":
  version "7.15.4"
  resolved "https://registry.npmjs.org/@babel/runtime/-/runtime-7.15.4.tgz"
  dependencies:
    regenerator-runtime "^0.13.4"

"@dabh/diagnostics@^2.0.2":
  version "2.0.2"
  resolved "https://registry.npmjs.org/@dabh/diagnostics/-/diagnostics-2.0.2.tgz"
  dependencies:
    colorspace "1.1.x"
    enabled "2.0.x"
    kuler "^2.0.0"

"@discordjs/builders@^0.5.0":
  version "0.5.0"
  resolved "https://registry.npmjs.org/@discordjs/builders/-/builders-0.5.0.tgz"
  dependencies:
    "@sindresorhus/is" "^4.0.1"
    discord-api-types "^0.22.0"
    ow "^0.27.0"
    ts-mixer "^6.0.0"
    tslib "^2.3.0"

"@discordjs/collection@^0.2.1":
  version "0.2.1"
  resolved "https://registry.npmjs.org/@discordjs/collection/-/collection-0.2.1.tgz"

"@discordjs/form-data@^3.0.1":
  version "3.0.1"
  resolved "https://registry.npmjs.org/@discordjs/form-data/-/form-data-3.0.1.tgz"
  dependencies:
    asynckit "^0.4.0"
    combined-stream "^1.0.8"
    mime-types "^2.1.12"

"@formatjs/ecma402-abstract@1.10.0":
  version "1.10.0"
  resolved "https://registry.yarnpkg.com/@formatjs/ecma402-abstract/-/ecma402-abstract-1.10.0.tgz#f51b9167535c9463113c24644de90262aa5d31a7"
  dependencies:
    "@formatjs/intl-localematcher" "0.2.21"
    tslib "^2.1.0"

"@formatjs/fast-memoize@1.2.0":
  version "1.2.0"
  resolved "https://registry.npmjs.org/@formatjs/fast-memoize/-/fast-memoize-1.2.0.tgz"
  dependencies:
    tslib "^2.1.0"

"@formatjs/icu-messageformat-parser@2.0.13":
  version "2.0.13"
  resolved "https://registry.yarnpkg.com/@formatjs/icu-messageformat-parser/-/icu-messageformat-parser-2.0.13.tgz#fcd7816b3d0b799daf20ff9e5e0fe81d3618276e"
  dependencies:
    "@formatjs/ecma402-abstract" "1.10.0"
    "@formatjs/icu-skeleton-parser" "1.3.0"
    tslib "^2.1.0"

"@formatjs/icu-skeleton-parser@1.3.0":
  version "1.3.0"
  resolved "https://registry.yarnpkg.com/@formatjs/icu-skeleton-parser/-/icu-skeleton-parser-1.3.0.tgz#fedf604bf788a587b23c9a03ec148c1f2c3177f7"
  dependencies:
    "@formatjs/ecma402-abstract" "1.10.0"
    tslib "^2.1.0"

"@formatjs/intl-localematcher@0.2.21":
  version "0.2.21"
  resolved "https://registry.yarnpkg.com/@formatjs/intl-localematcher/-/intl-localematcher-0.2.21.tgz#39ef33d701fe8084f3d693cd3ff7cbe03cdd3a49"
  dependencies:
    tslib "^2.1.0"

"@hapi/accept@^5.0.1":
  version "5.0.2"
  resolved "https://registry.npmjs.org/@hapi/accept/-/accept-5.0.2.tgz"
  dependencies:
    "@hapi/boom" "9.x.x"
    "@hapi/hoek" "9.x.x"

"@hapi/ammo@^5.0.1":
  version "5.0.1"
  resolved "https://registry.npmjs.org/@hapi/ammo/-/ammo-5.0.1.tgz"
  dependencies:
    "@hapi/hoek" "9.x.x"

"@hapi/b64@5.x.x":
  version "5.0.0"
  resolved "https://registry.npmjs.org/@hapi/b64/-/b64-5.0.0.tgz"
  dependencies:
    "@hapi/hoek" "9.x.x"

"@hapi/boom@9.x.x", "@hapi/boom@^9.1.0":
  version "9.1.4"
  resolved "https://registry.npmjs.org/@hapi/boom/-/boom-9.1.4.tgz"
  dependencies:
    "@hapi/hoek" "9.x.x"

"@hapi/bounce@2.x.x", "@hapi/bounce@^2.0.0":
  version "2.0.0"
  resolved "https://registry.npmjs.org/@hapi/bounce/-/bounce-2.0.0.tgz"
  dependencies:
    "@hapi/boom" "9.x.x"
    "@hapi/hoek" "9.x.x"

"@hapi/bourne@2.x.x":
  version "2.0.0"
  resolved "https://registry.npmjs.org/@hapi/bourne/-/bourne-2.0.0.tgz"

"@hapi/call@^8.0.0":
  version "8.0.1"
  resolved "https://registry.npmjs.org/@hapi/call/-/call-8.0.1.tgz"
  dependencies:
    "@hapi/boom" "9.x.x"
    "@hapi/hoek" "9.x.x"

"@hapi/catbox-memory@^5.0.0":
  version "5.0.1"
  resolved "https://registry.npmjs.org/@hapi/catbox-memory/-/catbox-memory-5.0.1.tgz"
  dependencies:
    "@hapi/boom" "9.x.x"
    "@hapi/hoek" "9.x.x"

"@hapi/catbox@^11.1.1":
  version "11.1.1"
  resolved "https://registry.npmjs.org/@hapi/catbox/-/catbox-11.1.1.tgz"
  dependencies:
    "@hapi/boom" "9.x.x"
    "@hapi/hoek" "9.x.x"
    "@hapi/podium" "4.x.x"
    "@hapi/validate" "1.x.x"

"@hapi/content@^5.0.2":
  version "5.0.2"
  resolved "https://registry.npmjs.org/@hapi/content/-/content-5.0.2.tgz"
  dependencies:
    "@hapi/boom" "9.x.x"

"@hapi/cryptiles@5.x.x":
  version "5.1.0"
  resolved "https://registry.npmjs.org/@hapi/cryptiles/-/cryptiles-5.1.0.tgz"
  dependencies:
    "@hapi/boom" "9.x.x"

"@hapi/file@2.x.x":
  version "2.0.0"
  resolved "https://registry.npmjs.org/@hapi/file/-/file-2.0.0.tgz"

"@hapi/hapi@^20.2.0":
  version "20.2.1"
  resolved "https://registry.yarnpkg.com/@hapi/hapi/-/hapi-20.2.1.tgz#7482bc28757cb4671623a61bdb5ce920bffc8a2f"
  dependencies:
    "@hapi/accept" "^5.0.1"
    "@hapi/ammo" "^5.0.1"
    "@hapi/boom" "^9.1.0"
    "@hapi/bounce" "^2.0.0"
    "@hapi/call" "^8.0.0"
    "@hapi/catbox" "^11.1.1"
    "@hapi/catbox-memory" "^5.0.0"
    "@hapi/heavy" "^7.0.1"
    "@hapi/hoek" "^9.0.4"
    "@hapi/mimos" "^6.0.0"
    "@hapi/podium" "^4.1.1"
    "@hapi/shot" "^5.0.5"
    "@hapi/somever" "^3.0.0"
    "@hapi/statehood" "^7.0.3"
    "@hapi/subtext" "^7.0.3"
    "@hapi/teamwork" "^5.1.0"
    "@hapi/topo" "^5.0.0"
    "@hapi/validate" "^1.1.1"

"@hapi/heavy@^7.0.1":
  version "7.0.1"
  resolved "https://registry.npmjs.org/@hapi/heavy/-/heavy-7.0.1.tgz"
  dependencies:
    "@hapi/boom" "9.x.x"
    "@hapi/hoek" "9.x.x"
    "@hapi/validate" "1.x.x"

"@hapi/hoek@9.x.x", "@hapi/hoek@^9.0.0", "@hapi/hoek@^9.0.4":
  version "9.2.0"
  resolved "https://registry.npmjs.org/@hapi/hoek/-/hoek-9.2.0.tgz"

"@hapi/iron@6.x.x":
  version "6.0.0"
  resolved "https://registry.npmjs.org/@hapi/iron/-/iron-6.0.0.tgz"
  dependencies:
    "@hapi/b64" "5.x.x"
    "@hapi/boom" "9.x.x"
    "@hapi/bourne" "2.x.x"
    "@hapi/cryptiles" "5.x.x"
    "@hapi/hoek" "9.x.x"

"@hapi/mimos@^6.0.0":
  version "6.0.0"
  resolved "https://registry.npmjs.org/@hapi/mimos/-/mimos-6.0.0.tgz"
  dependencies:
    "@hapi/hoek" "9.x.x"
    mime-db "1.x.x"

"@hapi/nigel@4.x.x":
  version "4.0.2"
  resolved "https://registry.npmjs.org/@hapi/nigel/-/nigel-4.0.2.tgz"
  dependencies:
    "@hapi/hoek" "^9.0.4"
    "@hapi/vise" "^4.0.0"

"@hapi/pez@^5.0.1":
  version "5.0.3"
  resolved "https://registry.npmjs.org/@hapi/pez/-/pez-5.0.3.tgz"
  dependencies:
    "@hapi/b64" "5.x.x"
    "@hapi/boom" "9.x.x"
    "@hapi/content" "^5.0.2"
    "@hapi/hoek" "9.x.x"
    "@hapi/nigel" "4.x.x"

"@hapi/podium@4.x.x", "@hapi/podium@^4.1.1":
  version "4.1.3"
  resolved "https://registry.npmjs.org/@hapi/podium/-/podium-4.1.3.tgz"
  dependencies:
    "@hapi/hoek" "9.x.x"
    "@hapi/teamwork" "5.x.x"
    "@hapi/validate" "1.x.x"

"@hapi/shot@^5.0.5":
  version "5.0.5"
  resolved "https://registry.npmjs.org/@hapi/shot/-/shot-5.0.5.tgz"
  dependencies:
    "@hapi/hoek" "9.x.x"
    "@hapi/validate" "1.x.x"

"@hapi/somever@^3.0.0":
  version "3.0.1"
  resolved "https://registry.npmjs.org/@hapi/somever/-/somever-3.0.1.tgz"
  dependencies:
    "@hapi/bounce" "2.x.x"
    "@hapi/hoek" "9.x.x"

"@hapi/statehood@^7.0.3":
  version "7.0.3"
  resolved "https://registry.npmjs.org/@hapi/statehood/-/statehood-7.0.3.tgz"
  dependencies:
    "@hapi/boom" "9.x.x"
    "@hapi/bounce" "2.x.x"
    "@hapi/bourne" "2.x.x"
    "@hapi/cryptiles" "5.x.x"
    "@hapi/hoek" "9.x.x"
    "@hapi/iron" "6.x.x"
    "@hapi/validate" "1.x.x"

"@hapi/subtext@^7.0.3":
  version "7.0.3"
  resolved "https://registry.npmjs.org/@hapi/subtext/-/subtext-7.0.3.tgz"
  dependencies:
    "@hapi/boom" "9.x.x"
    "@hapi/bourne" "2.x.x"
    "@hapi/content" "^5.0.2"
    "@hapi/file" "2.x.x"
    "@hapi/hoek" "9.x.x"
    "@hapi/pez" "^5.0.1"
    "@hapi/wreck" "17.x.x"

"@hapi/teamwork@5.x.x", "@hapi/teamwork@^5.1.0":
  version "5.1.0"
  resolved "https://registry.npmjs.org/@hapi/teamwork/-/teamwork-5.1.0.tgz"

"@hapi/topo@^5.0.0":
  version "5.1.0"
  resolved "https://registry.npmjs.org/@hapi/topo/-/topo-5.1.0.tgz"
  dependencies:
    "@hapi/hoek" "^9.0.0"

"@hapi/validate@1.x.x", "@hapi/validate@^1.1.1":
  version "1.1.3"
  resolved "https://registry.npmjs.org/@hapi/validate/-/validate-1.1.3.tgz"
  dependencies:
    "@hapi/hoek" "^9.0.0"
    "@hapi/topo" "^5.0.0"

"@hapi/vise@^4.0.0":
  version "4.0.0"
  resolved "https://registry.npmjs.org/@hapi/vise/-/vise-4.0.0.tgz"
  dependencies:
    "@hapi/hoek" "9.x.x"

"@hapi/wreck@17.x.x":
  version "17.1.0"
  resolved "https://registry.npmjs.org/@hapi/wreck/-/wreck-17.1.0.tgz"
  dependencies:
    "@hapi/boom" "9.x.x"
    "@hapi/bourne" "2.x.x"
    "@hapi/hoek" "9.x.x"

"@messageformat/core@^3.0.0":
  version "3.0.0"
  resolved "https://registry.npmjs.org/@messageformat/core/-/core-3.0.0.tgz"
  dependencies:
    "@messageformat/date-skeleton" "^1.0.0"
    "@messageformat/number-skeleton" "^1.0.0"
    "@messageformat/parser" "^5.0.0"
    "@messageformat/runtime" "^3.0.0"
    make-plural "^6.2.1"
    safe-identifier "^0.4.1"

"@messageformat/date-skeleton@^1.0.0":
  version "1.0.0"
  resolved "https://registry.npmjs.org/@messageformat/date-skeleton/-/date-skeleton-1.0.0.tgz"

"@messageformat/number-skeleton@^1.0.0":
  version "1.0.0"
  resolved "https://registry.npmjs.org/@messageformat/number-skeleton/-/number-skeleton-1.0.0.tgz"

"@messageformat/parser@^5.0.0":
  version "5.0.0"
  resolved "https://registry.npmjs.org/@messageformat/parser/-/parser-5.0.0.tgz"
  dependencies:
    moo "^0.5.1"

"@messageformat/runtime@^3.0.0":
  version "3.0.0"
  resolved "https://registry.npmjs.org/@messageformat/runtime/-/runtime-3.0.0.tgz"
  dependencies:
    make-plural "^6.2.1"

"@sapphire/async-queue@^1.1.4":
  version "1.1.4"
  resolved "https://registry.npmjs.org/@sapphire/async-queue/-/async-queue-1.1.4.tgz"

"@sentry/core@6.13.3":
  version "6.13.3"
  resolved "https://registry.yarnpkg.com/@sentry/core/-/core-6.13.3.tgz#5cbbb995128e793ebebcbf1d3b7514e0e5e8b221"
  dependencies:
    "@sentry/hub" "6.13.3"
    "@sentry/minimal" "6.13.3"
    "@sentry/types" "6.13.3"
    "@sentry/utils" "6.13.3"
    tslib "^1.9.3"

"@sentry/hub@6.13.3":
  version "6.13.3"
  resolved "https://registry.yarnpkg.com/@sentry/hub/-/hub-6.13.3.tgz#cc09623a69b5343315fdb61c7fdd0be74b72299f"
  dependencies:
    "@sentry/types" "6.13.3"
    "@sentry/utils" "6.13.3"
    tslib "^1.9.3"

"@sentry/minimal@6.13.3":
  version "6.13.3"
  resolved "https://registry.yarnpkg.com/@sentry/minimal/-/minimal-6.13.3.tgz#a675a79bcc830142e4f95e6198a2efde2cd3901e"
  dependencies:
    "@sentry/hub" "6.13.3"
    "@sentry/types" "6.13.3"
    tslib "^1.9.3"

"@sentry/node@^6.13.2":
  version "6.13.3"
  resolved "https://registry.yarnpkg.com/@sentry/node/-/node-6.13.3.tgz#94c646c31fd240ab68ee8b85aa663e65eb499d06"
  dependencies:
    "@sentry/core" "6.13.3"
    "@sentry/hub" "6.13.3"
    "@sentry/tracing" "6.13.3"
    "@sentry/types" "6.13.3"
    "@sentry/utils" "6.13.3"
    cookie "^0.4.1"
    https-proxy-agent "^5.0.0"
    lru_map "^0.3.3"
    tslib "^1.9.3"

"@sentry/tracing@6.13.3", "@sentry/tracing@^6.13.2":
  version "6.13.3"
  resolved "https://registry.yarnpkg.com/@sentry/tracing/-/tracing-6.13.3.tgz#ca657d4afa99c50f15e638fe38405bac33e780ee"
  dependencies:
    "@sentry/hub" "6.13.3"
    "@sentry/minimal" "6.13.3"
    "@sentry/types" "6.13.3"
    "@sentry/utils" "6.13.3"
    tslib "^1.9.3"

"@sentry/types@6.13.3":
  version "6.13.3"
  resolved "https://registry.yarnpkg.com/@sentry/types/-/types-6.13.3.tgz#63ad5b6735b0dfd90b3a256a9f8e77b93f0f66b2"

"@sentry/utils@6.13.3":
  version "6.13.3"
  resolved "https://registry.yarnpkg.com/@sentry/utils/-/utils-6.13.3.tgz#188754d40afe693c3fcae410f9322531588a9926"
  dependencies:
    "@sentry/types" "6.13.3"
    tslib "^1.9.3"

"@sindresorhus/is@^4.0.1":
  version "4.2.0"
  resolved "https://registry.npmjs.org/@sindresorhus/is/-/is-4.2.0.tgz"

"@types/glob@^7.1.4":
  version "7.1.4"
  resolved "https://registry.npmjs.org/@types/glob/-/glob-7.1.4.tgz"
  dependencies:
    "@types/minimatch" "*"
    "@types/node" "*"

"@types/minimatch@*":
  version "3.0.5"
  resolved "https://registry.npmjs.org/@types/minimatch/-/minimatch-3.0.5.tgz"

"@types/node@*":
  version "16.9.4"
  resolved "https://registry.npmjs.org/@types/node/-/node-16.9.4.tgz"

"@types/sharp@^0.29.2":
  version "0.29.2"
  resolved "https://registry.npmjs.org/@types/sharp/-/sharp-0.29.2.tgz"
  dependencies:
    "@types/node" "*"

"@types/ws@^7.4.7":
  version "7.4.7"
  resolved "https://registry.npmjs.org/@types/ws/-/ws-7.4.7.tgz"
  dependencies:
    "@types/node" "*"

abbrev@1:
  version "1.1.1"
  resolved "https://registry.npmjs.org/abbrev/-/abbrev-1.1.1.tgz"

agent-base@6:
  version "6.0.2"
  resolved "https://registry.npmjs.org/agent-base/-/agent-base-6.0.2.tgz"
  dependencies:
    debug "4"

ansi-regex@^2.0.0, ansi-regex@^2.1.1:
  version "2.1.1"
  resolved "https://registry.npmjs.org/ansi-regex/-/ansi-regex-2.1.1.tgz"

ansi-regex@^4.1.0:
  version "4.1.0"
  resolved "https://registry.npmjs.org/ansi-regex/-/ansi-regex-4.1.0.tgz"

ansi-styles@^3.2.0:
  version "3.2.1"
  resolved "https://registry.npmjs.org/ansi-styles/-/ansi-styles-3.2.1.tgz"
  dependencies:
    color-convert "^1.9.0"

any-promise@^1.3.0:
  version "1.3.0"
  resolved "https://registry.npmjs.org/any-promise/-/any-promise-1.3.0.tgz"

aproba@^1.0.3:
  version "1.2.0"
  resolved "https://registry.npmjs.org/aproba/-/aproba-1.2.0.tgz"

are-we-there-yet@~1.1.2:
  version "1.1.7"
  resolved "https://registry.npmjs.org/are-we-there-yet/-/are-we-there-yet-1.1.7.tgz"
  dependencies:
    delegates "^1.0.0"
    readable-stream "^2.0.6"

argparse@^2.0.1:
  version "2.0.1"
  resolved "https://registry.npmjs.org/argparse/-/argparse-2.0.1.tgz"

async@^3.1.0:
  version "3.2.1"
  resolved "https://registry.npmjs.org/async/-/async-3.2.1.tgz"

asynckit@^0.4.0:
  version "0.4.0"
  resolved "https://registry.npmjs.org/asynckit/-/asynckit-0.4.0.tgz"

axios@^0.21.4:
  version "0.21.4"
  resolved "https://registry.npmjs.org/axios/-/axios-0.21.4.tgz"
  dependencies:
    follow-redirects "^1.14.0"

balanced-match@^1.0.0:
  version "1.0.2"
  resolved "https://registry.npmjs.org/balanced-match/-/balanced-match-1.0.2.tgz"

base64-js@^1.3.1:
  version "1.5.1"
  resolved "https://registry.npmjs.org/base64-js/-/base64-js-1.5.1.tgz"

bintrees@1.0.1:
  version "1.0.1"
  resolved "https://registry.npmjs.org/bintrees/-/bintrees-1.0.1.tgz"

bl@^4.0.3:
  version "4.1.0"
  resolved "https://registry.npmjs.org/bl/-/bl-4.1.0.tgz"
  dependencies:
    buffer "^5.5.0"
    inherits "^2.0.4"
    readable-stream "^3.4.0"

bluebird@^3.7.2:
  version "3.7.2"
  resolved "https://registry.npmjs.org/bluebird/-/bluebird-3.7.2.tgz"

brace-expansion@^1.1.7:
  version "1.1.11"
  resolved "https://registry.npmjs.org/brace-expansion/-/brace-expansion-1.1.11.tgz"
  dependencies:
    balanced-match "^1.0.0"
    concat-map "0.0.1"

buffer-writer@2.0.0:
  version "2.0.0"
  resolved "https://registry.npmjs.org/buffer-writer/-/buffer-writer-2.0.0.tgz"

buffer@^5.5.0:
  version "5.7.1"
  resolved "https://registry.npmjs.org/buffer/-/buffer-5.7.1.tgz"
  dependencies:
    base64-js "^1.3.1"
    ieee754 "^1.1.13"

callsites@^3.1.0:
  version "3.1.0"
  resolved "https://registry.npmjs.org/callsites/-/callsites-3.1.0.tgz"

camelcase@^5.0.0:
  version "5.3.1"
  resolved "https://registry.npmjs.org/camelcase/-/camelcase-5.3.1.tgz"

chownr@^1.1.1:
  version "1.1.4"
  resolved "https://registry.npmjs.org/chownr/-/chownr-1.1.4.tgz"

cli-color@^1.4.0:
  version "1.4.0"
  resolved "https://registry.npmjs.org/cli-color/-/cli-color-1.4.0.tgz"
  dependencies:
    ansi-regex "^2.1.1"
    d "1"
    es5-ext "^0.10.46"
    es6-iterator "^2.0.3"
    memoizee "^0.4.14"
    timers-ext "^0.1.5"

cliui@^5.0.0:
  version "5.0.0"
  resolved "https://registry.npmjs.org/cliui/-/cliui-5.0.0.tgz"
  dependencies:
    string-width "^3.1.0"
    strip-ansi "^5.2.0"
    wrap-ansi "^5.1.0"

code-point-at@^1.0.0:
  version "1.1.0"
  resolved "https://registry.npmjs.org/code-point-at/-/code-point-at-1.1.0.tgz"

color-convert@^1.9.0, color-convert@^1.9.1:
  version "1.9.3"
  resolved "https://registry.npmjs.org/color-convert/-/color-convert-1.9.3.tgz"
  dependencies:
    color-name "1.1.3"

color-convert@^2.0.1:
  version "2.0.1"
  resolved "https://registry.npmjs.org/color-convert/-/color-convert-2.0.1.tgz"
  dependencies:
    color-name "~1.1.4"

color-name@1.1.3:
  version "1.1.3"
  resolved "https://registry.npmjs.org/color-name/-/color-name-1.1.3.tgz"

color-name@^1.0.0, color-name@~1.1.4:
  version "1.1.4"
  resolved "https://registry.npmjs.org/color-name/-/color-name-1.1.4.tgz"

color-string@^1.5.2, color-string@^1.6.0:
  version "1.6.0"
  resolved "https://registry.npmjs.org/color-string/-/color-string-1.6.0.tgz"
  dependencies:
    color-name "^1.0.0"
    simple-swizzle "^0.2.2"

color@3.0.x:
  version "3.0.0"
  resolved "https://registry.npmjs.org/color/-/color-3.0.0.tgz"
  dependencies:
    color-convert "^1.9.1"
    color-string "^1.5.2"

color@^4.0.1:
  version "4.0.1"
  resolved "https://registry.npmjs.org/color/-/color-4.0.1.tgz"
  dependencies:
    color-convert "^2.0.1"
    color-string "^1.6.0"

colors@^1.2.1:
  version "1.4.0"
  resolved "https://registry.npmjs.org/colors/-/colors-1.4.0.tgz"

colorspace@1.1.x:
  version "1.1.2"
  resolved "https://registry.npmjs.org/colorspace/-/colorspace-1.1.2.tgz"
  dependencies:
    color "3.0.x"
    text-hex "1.0.x"

combined-stream@^1.0.8:
  version "1.0.8"
  resolved "https://registry.npmjs.org/combined-stream/-/combined-stream-1.0.8.tgz"
  dependencies:
    delayed-stream "~1.0.0"

commander@^2.19.0:
  version "2.20.3"
  resolved "https://registry.npmjs.org/commander/-/commander-2.20.3.tgz"

concat-map@0.0.1:
  version "0.0.1"
  resolved "https://registry.npmjs.org/concat-map/-/concat-map-0.0.1.tgz"

config-chain@^1.1.12:
  version "1.1.13"
  resolved "https://registry.npmjs.org/config-chain/-/config-chain-1.1.13.tgz"
  dependencies:
    ini "^1.3.4"
    proto-list "~1.2.1"

console-control-strings@^1.0.0, console-control-strings@~1.1.0:
  version "1.1.0"
  resolved "https://registry.npmjs.org/console-control-strings/-/console-control-strings-1.1.0.tgz"

cookie@^0.4.1:
  version "0.4.1"
  resolved "https://registry.npmjs.org/cookie/-/cookie-0.4.1.tgz"

core-util-is@~1.0.0:
  version "1.0.3"
  resolved "https://registry.npmjs.org/core-util-is/-/core-util-is-1.0.3.tgz"

d@1, d@^1.0.1:
  version "1.0.1"
  resolved "https://registry.npmjs.org/d/-/d-1.0.1.tgz"
  dependencies:
    es5-ext "^0.10.50"
    type "^1.0.1"

debug@4, debug@^4.1.1:
  version "4.3.2"
  resolved "https://registry.npmjs.org/debug/-/debug-4.3.2.tgz"
  dependencies:
    ms "2.1.2"

decamelize@^1.2.0:
  version "1.2.0"
  resolved "https://registry.npmjs.org/decamelize/-/decamelize-1.2.0.tgz"

decompress-response@^4.2.0:
  version "4.2.1"
  resolved "https://registry.npmjs.org/decompress-response/-/decompress-response-4.2.1.tgz"
  dependencies:
    mimic-response "^2.0.0"

deep-extend@^0.6.0:
  version "0.6.0"
  resolved "https://registry.npmjs.org/deep-extend/-/deep-extend-0.6.0.tgz"

delayed-stream@~1.0.0:
  version "1.0.0"
  resolved "https://registry.npmjs.org/delayed-stream/-/delayed-stream-1.0.0.tgz"

delegates@^1.0.0:
  version "1.0.0"
  resolved "https://registry.npmjs.org/delegates/-/delegates-1.0.0.tgz"

detect-libc@^1.0.3:
  version "1.0.3"
  resolved "https://registry.npmjs.org/detect-libc/-/detect-libc-1.0.3.tgz"

discord-api-types@^0.22.0:
  version "0.22.0"
  resolved "https://registry.npmjs.org/discord-api-types/-/discord-api-types-0.22.0.tgz"

discord.js-pagination@^1.0.3:
  version "1.0.3"
  resolved "https://registry.npmjs.org/discord.js-pagination/-/discord.js-pagination-1.0.3.tgz"

discord.js@^13.1.0:
  version "13.1.0"
  resolved "https://registry.npmjs.org/discord.js/-/discord.js-13.1.0.tgz"
  dependencies:
    "@discordjs/builders" "^0.5.0"
    "@discordjs/collection" "^0.2.1"
    "@discordjs/form-data" "^3.0.1"
    "@sapphire/async-queue" "^1.1.4"
    "@types/ws" "^7.4.7"
    discord-api-types "^0.22.0"
    node-fetch "^2.6.1"
    ws "^7.5.1"

dot-prop@^6.0.1:
  version "6.0.1"
  resolved "https://registry.npmjs.org/dot-prop/-/dot-prop-6.0.1.tgz"
  dependencies:
    is-obj "^2.0.0"

dotenv@^10.0.0:
  version "10.0.0"
  resolved "https://registry.npmjs.org/dotenv/-/dotenv-10.0.0.tgz"

dottie@^2.0.0:
  version "2.0.2"
  resolved "https://registry.npmjs.org/dottie/-/dottie-2.0.2.tgz"

editorconfig@^0.15.3:
  version "0.15.3"
  resolved "https://registry.npmjs.org/editorconfig/-/editorconfig-0.15.3.tgz"
  dependencies:
    commander "^2.19.0"
    lru-cache "^4.1.5"
    semver "^5.6.0"
    sigmund "^1.0.1"

emoji-regex@^7.0.1:
  version "7.0.3"
  resolved "https://registry.npmjs.org/emoji-regex/-/emoji-regex-7.0.3.tgz"

emoji-unicode@^2.0.1:
  version "2.0.1"
  resolved "https://registry.npmjs.org/emoji-unicode/-/emoji-unicode-2.0.1.tgz"

enabled@2.0.x:
  version "2.0.0"
  resolved "https://registry.npmjs.org/enabled/-/enabled-2.0.0.tgz"

end-of-stream@^1.1.0, end-of-stream@^1.4.1:
  version "1.4.4"
  resolved "https://registry.npmjs.org/end-of-stream/-/end-of-stream-1.4.4.tgz"
  dependencies:
    once "^1.4.0"

es5-ext@^0.10.35, es5-ext@^0.10.46, es5-ext@^0.10.50, es5-ext@^0.10.53, es5-ext@~0.10.14, es5-ext@~0.10.2, es5-ext@~0.10.46:
  version "0.10.53"
  resolved "https://registry.npmjs.org/es5-ext/-/es5-ext-0.10.53.tgz"
  dependencies:
    es6-iterator "~2.0.3"
    es6-symbol "~3.1.3"
    next-tick "~1.0.0"

es6-iterator@^2.0.3, es6-iterator@~2.0.3:
  version "2.0.3"
  resolved "https://registry.npmjs.org/es6-iterator/-/es6-iterator-2.0.3.tgz"
  dependencies:
    d "1"
    es5-ext "^0.10.35"
    es6-symbol "^3.1.1"

es6-symbol@^3.1.1, es6-symbol@~3.1.3:
  version "3.1.3"
  resolved "https://registry.npmjs.org/es6-symbol/-/es6-symbol-3.1.3.tgz"
  dependencies:
    d "^1.0.1"
    ext "^1.1.2"

es6-weak-map@^2.0.3:
  version "2.0.3"
  resolved "https://registry.npmjs.org/es6-weak-map/-/es6-weak-map-2.0.3.tgz"
  dependencies:
    d "1"
    es5-ext "^0.10.46"
    es6-iterator "^2.0.3"
    es6-symbol "^3.1.1"

event-emitter@^0.3.5:
  version "0.3.5"
  resolved "https://registry.npmjs.org/event-emitter/-/event-emitter-0.3.5.tgz"
  dependencies:
    d "1"
    es5-ext "~0.10.14"

expand-template@^2.0.3:
  version "2.0.3"
  resolved "https://registry.npmjs.org/expand-template/-/expand-template-2.0.3.tgz"

ext@^1.1.2:
  version "1.5.0"
  resolved "https://registry.npmjs.org/ext/-/ext-1.5.0.tgz"
  dependencies:
    type "^2.5.0"

fast-safe-stringify@^2.0.4:
  version "2.1.1"
  resolved "https://registry.npmjs.org/fast-safe-stringify/-/fast-safe-stringify-2.1.1.tgz"

fecha@^4.2.0:
  version "4.2.1"
  resolved "https://registry.npmjs.org/fecha/-/fecha-4.2.1.tgz"

find-up@^3.0.0:
  version "3.0.0"
  resolved "https://registry.npmjs.org/find-up/-/find-up-3.0.0.tgz"
  dependencies:
    locate-path "^3.0.0"

fn.name@1.x.x:
  version "1.1.0"
  resolved "https://registry.npmjs.org/fn.name/-/fn.name-1.1.0.tgz"

follow-redirects@^1.14.0:
  version "1.14.4"
  resolved "https://registry.npmjs.org/follow-redirects/-/follow-redirects-1.14.4.tgz"

fs-constants@^1.0.0:
  version "1.0.0"
  resolved "https://registry.npmjs.org/fs-constants/-/fs-constants-1.0.0.tgz"

fs-extra@^7.0.1:
  version "7.0.1"
  resolved "https://registry.npmjs.org/fs-extra/-/fs-extra-7.0.1.tgz"
  dependencies:
    graceful-fs "^4.1.2"
    jsonfile "^4.0.0"
    universalify "^0.1.0"

fs.realpath@^1.0.0:
  version "1.0.0"
  resolved "https://registry.npmjs.org/fs.realpath/-/fs.realpath-1.0.0.tgz"

function-bind@^1.1.1:
  version "1.1.1"
  resolved "https://registry.npmjs.org/function-bind/-/function-bind-1.1.1.tgz"

gauge@~2.7.3:
  version "2.7.4"
  resolved "https://registry.npmjs.org/gauge/-/gauge-2.7.4.tgz"
  dependencies:
    aproba "^1.0.3"
    console-control-strings "^1.0.0"
    has-unicode "^2.0.0"
    object-assign "^4.1.0"
    signal-exit "^3.0.0"
    string-width "^1.0.1"
    strip-ansi "^3.0.1"
    wide-align "^1.1.0"

get-caller-file@^2.0.1:
  version "2.0.5"
  resolved "https://registry.npmjs.org/get-caller-file/-/get-caller-file-2.0.5.tgz"

github-from-package@0.0.0:
  version "0.0.0"
  resolved "https://registry.npmjs.org/github-from-package/-/github-from-package-0.0.0.tgz"

glob@^7.0.0, glob@^7.1.3:
  version "7.1.7"
  resolved "https://registry.npmjs.org/glob/-/glob-7.1.7.tgz"
  dependencies:
    fs.realpath "^1.0.0"
    inflight "^1.0.4"
    inherits "2"
    minimatch "^3.0.4"
    once "^1.3.0"
    path-is-absolute "^1.0.0"

graceful-fs@^4.1.2, graceful-fs@^4.1.6:
  version "4.2.8"
  resolved "https://registry.npmjs.org/graceful-fs/-/graceful-fs-4.2.8.tgz"

has-unicode@^2.0.0:
  version "2.0.1"
  resolved "https://registry.npmjs.org/has-unicode/-/has-unicode-2.0.1.tgz"

has@^1.0.3:
  version "1.0.3"
  resolved "https://registry.npmjs.org/has/-/has-1.0.3.tgz"
  dependencies:
    function-bind "^1.1.1"

https-proxy-agent@^5.0.0:
  version "5.0.0"
  resolved "https://registry.npmjs.org/https-proxy-agent/-/https-proxy-agent-5.0.0.tgz"
  dependencies:
    agent-base "6"
    debug "4"

i18next-icu@^2.0.3:
  version "2.0.3"
  resolved "https://registry.npmjs.org/i18next-icu/-/i18next-icu-2.0.3.tgz"

i18next@^21.1.1:
  version "21.3.2"
  resolved "https://registry.yarnpkg.com/i18next/-/i18next-21.3.2.tgz#8a83593e764fe19b81565737fbf78eed8a70ab00"
  dependencies:
    "@babel/runtime" "^7.12.0"

ieee754@^1.1.13:
  version "1.2.1"
  resolved "https://registry.npmjs.org/ieee754/-/ieee754-1.2.1.tgz"

inflection@1.13.1:
  version "1.13.1"
  resolved "https://registry.npmjs.org/inflection/-/inflection-1.13.1.tgz"

inflight@^1.0.4:
  version "1.0.6"
  resolved "https://registry.npmjs.org/inflight/-/inflight-1.0.6.tgz"
  dependencies:
    once "^1.3.0"
    wrappy "1"

inherits@2, inherits@^2.0.3, inherits@^2.0.4, inherits@~2.0.3:
  version "2.0.4"
  resolved "https://registry.npmjs.org/inherits/-/inherits-2.0.4.tgz"

ini@^1.3.4, ini@~1.3.0:
  version "1.3.8"
  resolved "https://registry.npmjs.org/ini/-/ini-1.3.8.tgz"

install@^0.13.0:
  version "0.13.0"
  resolved "https://registry.npmjs.org/install/-/install-0.13.0.tgz"

interpret@^1.0.0:
  version "1.4.0"
  resolved "https://registry.npmjs.org/interpret/-/interpret-1.4.0.tgz"

intl-messageformat@^9.9.2:
  version "9.9.3"
  resolved "https://registry.yarnpkg.com/intl-messageformat/-/intl-messageformat-9.9.3.tgz#bf577b3a78c38f6cb81dda3952390df9be5be01d"
  dependencies:
    "@formatjs/fast-memoize" "1.2.0"
    "@formatjs/icu-messageformat-parser" "2.0.13"
    tslib "^2.1.0"

is-arrayish@^0.3.1:
  version "0.3.2"
  resolved "https://registry.npmjs.org/is-arrayish/-/is-arrayish-0.3.2.tgz"

is-core-module@^2.2.0:
  version "2.6.0"
  resolved "https://registry.npmjs.org/is-core-module/-/is-core-module-2.6.0.tgz"
  dependencies:
    has "^1.0.3"

is-fullwidth-code-point@^1.0.0:
  version "1.0.0"
  resolved "https://registry.npmjs.org/is-fullwidth-code-point/-/is-fullwidth-code-point-1.0.0.tgz"
  dependencies:
    number-is-nan "^1.0.0"

is-fullwidth-code-point@^2.0.0:
  version "2.0.0"
  resolved "https://registry.npmjs.org/is-fullwidth-code-point/-/is-fullwidth-code-point-2.0.0.tgz"

is-obj@^2.0.0:
  version "2.0.0"
  resolved "https://registry.npmjs.org/is-obj/-/is-obj-2.0.0.tgz"

is-promise@^2.2.2:
  version "2.2.2"
  resolved "https://registry.npmjs.org/is-promise/-/is-promise-2.2.2.tgz"

is-stream@^2.0.0:
  version "2.0.1"
  resolved "https://registry.npmjs.org/is-stream/-/is-stream-2.0.1.tgz"

isarray@~1.0.0:
  version "1.0.0"
  resolved "https://registry.npmjs.org/isarray/-/isarray-1.0.0.tgz"

js-beautify@^1.8.8:
  version "1.14.0"
  resolved "https://registry.npmjs.org/js-beautify/-/js-beautify-1.14.0.tgz"
  dependencies:
    config-chain "^1.1.12"
    editorconfig "^0.15.3"
    glob "^7.1.3"
    nopt "^5.0.0"

js-yaml@^4.1.0:
  version "4.1.0"
  resolved "https://registry.npmjs.org/js-yaml/-/js-yaml-4.1.0.tgz"
  dependencies:
    argparse "^2.0.1"

jsonfile@^4.0.0:
  version "4.0.0"
  resolved "https://registry.npmjs.org/jsonfile/-/jsonfile-4.0.0.tgz"
  optionalDependencies:
    graceful-fs "^4.1.6"

kuler@^2.0.0:
  version "2.0.0"
  resolved "https://registry.npmjs.org/kuler/-/kuler-2.0.0.tgz"

locate-path@^3.0.0:
  version "3.0.0"
  resolved "https://registry.npmjs.org/locate-path/-/locate-path-3.0.0.tgz"
  dependencies:
    p-locate "^3.0.0"
    path-exists "^3.0.0"

lodash.isequal@^4.5.0:
  version "4.5.0"
  resolved "https://registry.npmjs.org/lodash.isequal/-/lodash.isequal-4.5.0.tgz"

lodash@^4.17.20, lodash@^4.17.5:
  version "4.17.21"
  resolved "https://registry.npmjs.org/lodash/-/lodash-4.17.21.tgz"

logform@^2.2.0:
  version "2.2.0"
  resolved "https://registry.npmjs.org/logform/-/logform-2.2.0.tgz"
  dependencies:
    colors "^1.2.1"
    fast-safe-stringify "^2.0.4"
    fecha "^4.2.0"
    ms "^2.1.1"
    triple-beam "^1.3.0"

lru-cache@^4.1.5:
  version "4.1.5"
  resolved "https://registry.npmjs.org/lru-cache/-/lru-cache-4.1.5.tgz"
  dependencies:
    pseudomap "^1.0.2"
    yallist "^2.1.2"

lru-cache@^6.0.0:
  version "6.0.0"
  resolved "https://registry.npmjs.org/lru-cache/-/lru-cache-6.0.0.tgz"
  dependencies:
    yallist "^4.0.0"

lru-queue@^0.1.0:
  version "0.1.0"
  resolved "https://registry.npmjs.org/lru-queue/-/lru-queue-0.1.0.tgz"
  dependencies:
    es5-ext "~0.10.2"

lru_map@^0.3.3:
  version "0.3.3"
  resolved "https://registry.npmjs.org/lru_map/-/lru_map-0.3.3.tgz"

make-plural@^6.2.1:
  version "6.2.2"
  resolved "https://registry.npmjs.org/make-plural/-/make-plural-6.2.2.tgz"

memoizee@^0.4.14:
  version "0.4.15"
  resolved "https://registry.npmjs.org/memoizee/-/memoizee-0.4.15.tgz"
  dependencies:
    d "^1.0.1"
    es5-ext "^0.10.53"
    es6-weak-map "^2.0.3"
    event-emitter "^0.3.5"
    is-promise "^2.2.2"
    lru-queue "^0.1.0"
    next-tick "^1.1.0"
    timers-ext "^0.1.7"

mime-db@1.49.0:
  version "1.49.0"
  resolved "https://registry.npmjs.org/mime-db/-/mime-db-1.49.0.tgz"

mime-db@1.x.x:
  version "1.50.0"
  resolved "https://registry.npmjs.org/mime-db/-/mime-db-1.50.0.tgz"

mime-types@^2.1.12:
  version "2.1.32"
  resolved "https://registry.npmjs.org/mime-types/-/mime-types-2.1.32.tgz"
  dependencies:
    mime-db "1.49.0"

mimic-response@^2.0.0:
  version "2.1.0"
  resolved "https://registry.npmjs.org/mimic-response/-/mimic-response-2.1.0.tgz"

minimatch@^3.0.4:
  version "3.0.4"
  resolved "https://registry.npmjs.org/minimatch/-/minimatch-3.0.4.tgz"
  dependencies:
    brace-expansion "^1.1.7"

minimist@^1.2.0, minimist@^1.2.3:
  version "1.2.5"
  resolved "https://registry.npmjs.org/minimist/-/minimist-1.2.5.tgz"

mkdirp-classic@^0.5.2, mkdirp-classic@^0.5.3:
  version "0.5.3"
  resolved "https://registry.npmjs.org/mkdirp-classic/-/mkdirp-classic-0.5.3.tgz"

moment-timezone@^0.5.31, moment-timezone@^0.5.33:
  version "0.5.33"
  resolved "https://registry.npmjs.org/moment-timezone/-/moment-timezone-0.5.33.tgz"
  dependencies:
    moment ">= 2.9.0"

"moment@>= 2.9.0", moment@^2.26.0, moment@^2.29.1:
  version "2.29.1"
  resolved "https://registry.npmjs.org/moment/-/moment-2.29.1.tgz"

moo@^0.5.1:
  version "0.5.1"
  resolved "https://registry.npmjs.org/moo/-/moo-0.5.1.tgz"

ms@2.1.2, ms@^2.1.1:
  version "2.1.2"
  resolved "https://registry.npmjs.org/ms/-/ms-2.1.2.tgz"

napi-build-utils@^1.0.1:
  version "1.0.2"
  resolved "https://registry.npmjs.org/napi-build-utils/-/napi-build-utils-1.0.2.tgz"

next-tick@1, next-tick@~1.0.0:
  version "1.0.0"
  resolved "https://registry.npmjs.org/next-tick/-/next-tick-1.0.0.tgz"

next-tick@^1.1.0:
  version "1.1.0"
  resolved "https://registry.npmjs.org/next-tick/-/next-tick-1.1.0.tgz"

node-abi@^2.21.0:
  version "2.30.1"
  resolved "https://registry.npmjs.org/node-abi/-/node-abi-2.30.1.tgz"
  dependencies:
    semver "^5.4.1"

node-addon-api@^4.1.0:
  version "4.2.0"
  resolved "https://registry.npmjs.org/node-addon-api/-/node-addon-api-4.2.0.tgz"

node-fetch@^2.6.1:
  version "2.6.2"
  resolved "https://registry.npmjs.org/node-fetch/-/node-fetch-2.6.2.tgz"

nopt@^5.0.0:
  version "5.0.0"
  resolved "https://registry.npmjs.org/nopt/-/nopt-5.0.0.tgz"
  dependencies:
    abbrev "1"

npmlog@^4.0.1:
  version "4.1.2"
  resolved "https://registry.npmjs.org/npmlog/-/npmlog-4.1.2.tgz"
  dependencies:
    are-we-there-yet "~1.1.2"
    console-control-strings "~1.1.0"
    gauge "~2.7.3"
    set-blocking "~2.0.0"

number-is-nan@^1.0.0:
  version "1.0.1"
  resolved "https://registry.npmjs.org/number-is-nan/-/number-is-nan-1.0.1.tgz"

object-assign@^4.1.0:
  version "4.1.1"
  resolved "https://registry.npmjs.org/object-assign/-/object-assign-4.1.1.tgz"

once@^1.3.0, once@^1.3.1, once@^1.4.0:
  version "1.4.0"
  resolved "https://registry.npmjs.org/once/-/once-1.4.0.tgz"
  dependencies:
    wrappy "1"

one-time@^1.0.0:
  version "1.0.0"
  resolved "https://registry.npmjs.org/one-time/-/one-time-1.0.0.tgz"
  dependencies:
    fn.name "1.x.x"

ow@^0.27.0:
  version "0.27.0"
  resolved "https://registry.npmjs.org/ow/-/ow-0.27.0.tgz"
  dependencies:
    "@sindresorhus/is" "^4.0.1"
    callsites "^3.1.0"
    dot-prop "^6.0.1"
    lodash.isequal "^4.5.0"
    type-fest "^1.2.1"
    vali-date "^1.0.0"

p-limit@^2.0.0:
  version "2.3.0"
  resolved "https://registry.npmjs.org/p-limit/-/p-limit-2.3.0.tgz"
  dependencies:
    p-try "^2.0.0"

p-locate@^3.0.0:
  version "3.0.0"
  resolved "https://registry.npmjs.org/p-locate/-/p-locate-3.0.0.tgz"
  dependencies:
    p-limit "^2.0.0"

p-try@^2.0.0:
  version "2.2.0"
  resolved "https://registry.npmjs.org/p-try/-/p-try-2.2.0.tgz"

packet-reader@1.0.0:
  version "1.0.0"
  resolved "https://registry.npmjs.org/packet-reader/-/packet-reader-1.0.0.tgz"

parse-duration@^1.0.2:
  version "1.0.2"
  resolved "https://registry.yarnpkg.com/parse-duration/-/parse-duration-1.0.2.tgz#b9aa7d3a1363cc7e8845bea8fd3baf8a11df5805"

path-exists@^3.0.0:
  version "3.0.0"
  resolved "https://registry.npmjs.org/path-exists/-/path-exists-3.0.0.tgz"

path-is-absolute@^1.0.0:
  version "1.0.1"
  resolved "https://registry.npmjs.org/path-is-absolute/-/path-is-absolute-1.0.1.tgz"

path-parse@^1.0.6:
  version "1.0.7"
  resolved "https://registry.npmjs.org/path-parse/-/path-parse-1.0.7.tgz"

pg-connection-string@^2.5.0:
  version "2.5.0"
  resolved "https://registry.npmjs.org/pg-connection-string/-/pg-connection-string-2.5.0.tgz"

pg-hstore@^2.3.4:
  version "2.3.4"
  resolved "https://registry.npmjs.org/pg-hstore/-/pg-hstore-2.3.4.tgz"
  dependencies:
    underscore "^1.13.1"

pg-int8@1.0.1:
  version "1.0.1"
  resolved "https://registry.npmjs.org/pg-int8/-/pg-int8-1.0.1.tgz"

pg-pool@^3.4.1:
  version "3.4.1"
  resolved "https://registry.npmjs.org/pg-pool/-/pg-pool-3.4.1.tgz"

pg-protocol@^1.5.0:
  version "1.5.0"
  resolved "https://registry.npmjs.org/pg-protocol/-/pg-protocol-1.5.0.tgz"

pg-types@^2.1.0:
  version "2.2.0"
  resolved "https://registry.npmjs.org/pg-types/-/pg-types-2.2.0.tgz"
  dependencies:
    pg-int8 "1.0.1"
    postgres-array "~2.0.0"
    postgres-bytea "~1.0.0"
    postgres-date "~1.0.4"
    postgres-interval "^1.1.0"

pg@^8.7.1:
  version "8.7.1"
  resolved "https://registry.npmjs.org/pg/-/pg-8.7.1.tgz"
  dependencies:
    buffer-writer "2.0.0"
    packet-reader "1.0.0"
    pg-connection-string "^2.5.0"
    pg-pool "^3.4.1"
    pg-protocol "^1.5.0"
    pg-types "^2.1.0"
    pgpass "1.x"

pgpass@1.x:
  version "1.0.4"
  resolved "https://registry.npmjs.org/pgpass/-/pgpass-1.0.4.tgz"
  dependencies:
    split2 "^3.1.1"

postgres-array@~2.0.0:
  version "2.0.0"
  resolved "https://registry.npmjs.org/postgres-array/-/postgres-array-2.0.0.tgz"

postgres-bytea@~1.0.0:
  version "1.0.0"
  resolved "https://registry.npmjs.org/postgres-bytea/-/postgres-bytea-1.0.0.tgz"

postgres-date@~1.0.4:
  version "1.0.7"
  resolved "https://registry.npmjs.org/postgres-date/-/postgres-date-1.0.7.tgz"

postgres-interval@^1.1.0:
  version "1.2.0"
  resolved "https://registry.npmjs.org/postgres-interval/-/postgres-interval-1.2.0.tgz"
  dependencies:
    xtend "^4.0.0"

prebuild-install@^6.1.4:
  version "6.1.4"
  resolved "https://registry.npmjs.org/prebuild-install/-/prebuild-install-6.1.4.tgz"
  dependencies:
    detect-libc "^1.0.3"
    expand-template "^2.0.3"
    github-from-package "0.0.0"
    minimist "^1.2.3"
    mkdirp-classic "^0.5.3"
    napi-build-utils "^1.0.1"
    node-abi "^2.21.0"
    npmlog "^4.0.1"
    pump "^3.0.0"
    rc "^1.2.7"
    simple-get "^3.0.3"
    tar-fs "^2.0.0"
    tunnel-agent "^0.6.0"

prettier@^2.4.1:
  version "2.4.1"
  resolved "https://registry.npmjs.org/prettier/-/prettier-2.4.1.tgz"

process-nextick-args@~2.0.0:
  version "2.0.1"
  resolved "https://registry.npmjs.org/process-nextick-args/-/process-nextick-args-2.0.1.tgz"

prom-client@^14.0.0:
  version "14.0.0"
  resolved "https://registry.npmjs.org/prom-client/-/prom-client-14.0.0.tgz"
  dependencies:
    tdigest "^0.1.1"

proto-list@~1.2.1:
  version "1.2.4"
  resolved "https://registry.npmjs.org/proto-list/-/proto-list-1.2.4.tgz"

pseudomap@^1.0.2:
  version "1.0.2"
  resolved "https://registry.npmjs.org/pseudomap/-/pseudomap-1.0.2.tgz"

pump@^3.0.0:
  version "3.0.0"
  resolved "https://registry.npmjs.org/pump/-/pump-3.0.0.tgz"
  dependencies:
    end-of-stream "^1.1.0"
    once "^1.3.1"

rc@^1.2.7:
  version "1.2.8"
  resolved "https://registry.npmjs.org/rc/-/rc-1.2.8.tgz"
  dependencies:
    deep-extend "^0.6.0"
    ini "~1.3.0"
    minimist "^1.2.0"
    strip-json-comments "~2.0.1"

readable-stream@^2.0.6, readable-stream@^2.3.7:
  version "2.3.7"
  resolved "https://registry.npmjs.org/readable-stream/-/readable-stream-2.3.7.tgz"
  dependencies:
    core-util-is "~1.0.0"
    inherits "~2.0.3"
    isarray "~1.0.0"
    process-nextick-args "~2.0.0"
    safe-buffer "~5.1.1"
    string_decoder "~1.1.1"
    util-deprecate "~1.0.1"

readable-stream@^3.0.0, readable-stream@^3.1.1, readable-stream@^3.4.0:
  version "3.6.0"
  resolved "https://registry.npmjs.org/readable-stream/-/readable-stream-3.6.0.tgz"
  dependencies:
    inherits "^2.0.3"
    string_decoder "^1.1.1"
    util-deprecate "^1.0.1"

rechoir@^0.6.2:
  version "0.6.2"
  resolved "https://registry.npmjs.org/rechoir/-/rechoir-0.6.2.tgz"
  dependencies:
    resolve "^1.1.6"

regenerator-runtime@^0.13.4:
  version "0.13.9"
  resolved "https://registry.npmjs.org/regenerator-runtime/-/regenerator-runtime-0.13.9.tgz"

require-directory@^2.1.1:
  version "2.1.1"
  resolved "https://registry.npmjs.org/require-directory/-/require-directory-2.1.1.tgz"

require-main-filename@^2.0.0:
  version "2.0.0"
  resolved "https://registry.npmjs.org/require-main-filename/-/require-main-filename-2.0.0.tgz"

resolve@^1.1.6, resolve@^1.5.0:
  version "1.20.0"
  resolved "https://registry.npmjs.org/resolve/-/resolve-1.20.0.tgz"
  dependencies:
    is-core-module "^2.2.0"
    path-parse "^1.0.6"

retry-as-promised@^3.2.0:
  version "3.2.0"
  resolved "https://registry.npmjs.org/retry-as-promised/-/retry-as-promised-3.2.0.tgz"
  dependencies:
    any-promise "^1.3.0"

safe-buffer@^5.0.1, safe-buffer@~5.1.0, safe-buffer@~5.1.1:
  version "5.1.2"
  resolved "https://registry.npmjs.org/safe-buffer/-/safe-buffer-5.1.2.tgz"

safe-identifier@^0.4.1:
  version "0.4.2"
  resolved "https://registry.npmjs.org/safe-identifier/-/safe-identifier-0.4.2.tgz"

safe-timers@^1.1.0:
  version "1.1.0"
  resolved "https://registry.npmjs.org/safe-timers/-/safe-timers-1.1.0.tgz"

semver@^5.4.1, semver@^5.6.0:
  version "5.7.1"
  resolved "https://registry.npmjs.org/semver/-/semver-5.7.1.tgz"

semver@^7.3.2, semver@^7.3.5:
  version "7.3.5"
  resolved "https://registry.npmjs.org/semver/-/semver-7.3.5.tgz"
  dependencies:
    lru-cache "^6.0.0"

sequelize-cli@^6.2.0:
  version "6.2.0"
  resolved "https://registry.npmjs.org/sequelize-cli/-/sequelize-cli-6.2.0.tgz"
  dependencies:
    cli-color "^1.4.0"
    fs-extra "^7.0.1"
    js-beautify "^1.8.8"
    lodash "^4.17.5"
    resolve "^1.5.0"
    umzug "^2.3.0"
    yargs "^13.1.0"

sequelize-pool@^6.0.0:
  version "6.1.0"
  resolved "https://registry.npmjs.org/sequelize-pool/-/sequelize-pool-6.1.0.tgz"

sequelize@^6.6.5:
  version "6.6.5"
  resolved "https://registry.npmjs.org/sequelize/-/sequelize-6.6.5.tgz"
  dependencies:
    debug "^4.1.1"
    dottie "^2.0.0"
    inflection "1.13.1"
    lodash "^4.17.20"
    moment "^2.26.0"
    moment-timezone "^0.5.31"
    retry-as-promised "^3.2.0"
    semver "^7.3.2"
    sequelize-pool "^6.0.0"
    toposort-class "^1.0.1"
    uuid "^8.1.0"
    validator "^13.6.0"
    wkx "^0.5.0"

set-blocking@^2.0.0, set-blocking@~2.0.0:
  version "2.0.0"
  resolved "https://registry.npmjs.org/set-blocking/-/set-blocking-2.0.0.tgz"

sharp@^0.29.1:
  version "0.29.1"
  resolved "https://registry.npmjs.org/sharp/-/sharp-0.29.1.tgz"
  dependencies:
    color "^4.0.1"
    detect-libc "^1.0.3"
    node-addon-api "^4.1.0"
    prebuild-install "^6.1.4"
    semver "^7.3.5"
    simple-get "^3.1.0"
    tar-fs "^2.1.1"
    tunnel-agent "^0.6.0"

shelljs@^0.8.4:
  version "0.8.4"
  resolved "https://registry.npmjs.org/shelljs/-/shelljs-0.8.4.tgz"
  dependencies:
    glob "^7.0.0"
    interpret "^1.0.0"
    rechoir "^0.6.2"

sigmund@^1.0.1:
  version "1.0.1"
  resolved "https://registry.npmjs.org/sigmund/-/sigmund-1.0.1.tgz"

signal-exit@^3.0.0:
  version "3.0.4"
  resolved "https://registry.npmjs.org/signal-exit/-/signal-exit-3.0.4.tgz"

simple-concat@^1.0.0:
  version "1.0.1"
  resolved "https://registry.npmjs.org/simple-concat/-/simple-concat-1.0.1.tgz"

simple-get@^3.0.3, simple-get@^3.1.0:
  version "3.1.0"
  resolved "https://registry.npmjs.org/simple-get/-/simple-get-3.1.0.tgz"
  dependencies:
    decompress-response "^4.2.0"
    once "^1.3.1"
    simple-concat "^1.0.0"

simple-swizzle@^0.2.2:
  version "0.2.2"
  resolved "https://registry.npmjs.org/simple-swizzle/-/simple-swizzle-0.2.2.tgz"
  dependencies:
    is-arrayish "^0.3.1"

split2@^3.1.1:
  version "3.2.2"
  resolved "https://registry.npmjs.org/split2/-/split2-3.2.2.tgz"
  dependencies:
    readable-stream "^3.0.0"

stack-trace@0.0.x:
  version "0.0.10"
  resolved "https://registry.npmjs.org/stack-trace/-/stack-trace-0.0.10.tgz"

string-width@^1.0.1, "string-width@^1.0.2 || 2":
  version "1.0.2"
  resolved "https://registry.npmjs.org/string-width/-/string-width-1.0.2.tgz"
  dependencies:
    code-point-at "^1.0.0"
    is-fullwidth-code-point "^1.0.0"
    strip-ansi "^3.0.0"

string-width@^3.0.0, string-width@^3.1.0:
  version "3.1.0"
  resolved "https://registry.npmjs.org/string-width/-/string-width-3.1.0.tgz"
  dependencies:
    emoji-regex "^7.0.1"
    is-fullwidth-code-point "^2.0.0"
    strip-ansi "^5.1.0"

string_decoder@^1.1.1, string_decoder@~1.1.1:
  version "1.1.1"
  resolved "https://registry.npmjs.org/string_decoder/-/string_decoder-1.1.1.tgz"
  dependencies:
    safe-buffer "~5.1.0"

strip-ansi@^3.0.0, strip-ansi@^3.0.1:
  version "3.0.1"
  resolved "https://registry.npmjs.org/strip-ansi/-/strip-ansi-3.0.1.tgz"
  dependencies:
    ansi-regex "^2.0.0"

strip-ansi@^5.0.0, strip-ansi@^5.1.0, strip-ansi@^5.2.0:
  version "5.2.0"
  resolved "https://registry.npmjs.org/strip-ansi/-/strip-ansi-5.2.0.tgz"
  dependencies:
    ansi-regex "^4.1.0"

strip-json-comments@~2.0.1:
  version "2.0.1"
  resolved "https://registry.npmjs.org/strip-json-comments/-/strip-json-comments-2.0.1.tgz"

tar-fs@^2.0.0, tar-fs@^2.1.1:
  version "2.1.1"
  resolved "https://registry.npmjs.org/tar-fs/-/tar-fs-2.1.1.tgz"
  dependencies:
    chownr "^1.1.1"
    mkdirp-classic "^0.5.2"
    pump "^3.0.0"
    tar-stream "^2.1.4"

tar-stream@^2.1.4:
  version "2.2.0"
  resolved "https://registry.npmjs.org/tar-stream/-/tar-stream-2.2.0.tgz"
  dependencies:
    bl "^4.0.3"
    end-of-stream "^1.4.1"
    fs-constants "^1.0.0"
    inherits "^2.0.3"
    readable-stream "^3.1.1"

tdigest@^0.1.1:
  version "0.1.1"
  resolved "https://registry.npmjs.org/tdigest/-/tdigest-0.1.1.tgz"
  dependencies:
    bintrees "1.0.1"

text-hex@1.0.x:
  version "1.0.0"
  resolved "https://registry.npmjs.org/text-hex/-/text-hex-1.0.0.tgz"

timers-ext@^0.1.5, timers-ext@^0.1.7:
  version "0.1.7"
  resolved "https://registry.npmjs.org/timers-ext/-/timers-ext-0.1.7.tgz"
  dependencies:
    es5-ext "~0.10.46"
    next-tick "1"

toposort-class@^1.0.1:
  version "1.0.1"
  resolved "https://registry.npmjs.org/toposort-class/-/toposort-class-1.0.1.tgz"

triple-beam@^1.2.0, triple-beam@^1.3.0:
  version "1.3.0"
  resolved "https://registry.npmjs.org/triple-beam/-/triple-beam-1.3.0.tgz"

ts-mixer@^6.0.0:
  version "6.0.0"
  resolved "https://registry.npmjs.org/ts-mixer/-/ts-mixer-6.0.0.tgz"

tslib@^1.9.3:
  version "1.14.1"
  resolved "https://registry.npmjs.org/tslib/-/tslib-1.14.1.tgz"

tslib@^2.1.0, tslib@^2.3.0:
  version "2.3.1"
  resolved "https://registry.npmjs.org/tslib/-/tslib-2.3.1.tgz"

tunnel-agent@^0.6.0:
  version "0.6.0"
  resolved "https://registry.npmjs.org/tunnel-agent/-/tunnel-agent-0.6.0.tgz"
  dependencies:
    safe-buffer "^5.0.1"

type-fest@^1.2.1:
  version "1.4.0"
  resolved "https://registry.npmjs.org/type-fest/-/type-fest-1.4.0.tgz"

type@^1.0.1:
  version "1.2.0"
  resolved "https://registry.npmjs.org/type/-/type-1.2.0.tgz"

type@^2.5.0:
  version "2.5.0"
  resolved "https://registry.npmjs.org/type/-/type-2.5.0.tgz"

typescript@^4.4.3:
  version "4.4.3"
  resolved "https://registry.npmjs.org/typescript/-/typescript-4.4.3.tgz"

umzug@^2.3.0:
  version "2.3.0"
  resolved "https://registry.npmjs.org/umzug/-/umzug-2.3.0.tgz"
  dependencies:
    bluebird "^3.7.2"

underscore@^1.13.1:
  version "1.13.1"
  resolved "https://registry.npmjs.org/underscore/-/underscore-1.13.1.tgz"

unicode@^13.0.0:
  version "13.0.0"
  resolved "https://registry.npmjs.org/unicode/-/unicode-13.0.0.tgz"

universalify@^0.1.0:
  version "0.1.2"
  resolved "https://registry.npmjs.org/universalify/-/universalify-0.1.2.tgz"

util-deprecate@^1.0.1, util-deprecate@~1.0.1:
  version "1.0.2"
  resolved "https://registry.npmjs.org/util-deprecate/-/util-deprecate-1.0.2.tgz"

uuid@^8.1.0:
  version "8.3.2"
  resolved "https://registry.npmjs.org/uuid/-/uuid-8.3.2.tgz"

vali-date@^1.0.0:
  version "1.0.0"
  resolved "https://registry.npmjs.org/vali-date/-/vali-date-1.0.0.tgz"

validator@^13.6.0:
  version "13.6.0"
  resolved "https://registry.npmjs.org/validator/-/validator-13.6.0.tgz"

which-module@^2.0.0:
  version "2.0.0"
  resolved "https://registry.npmjs.org/which-module/-/which-module-2.0.0.tgz"

wide-align@^1.1.0:
  version "1.1.3"
  resolved "https://registry.npmjs.org/wide-align/-/wide-align-1.1.3.tgz"
  dependencies:
    string-width "^1.0.2 || 2"

winston-transport@^4.4.0:
  version "4.4.0"
  resolved "https://registry.npmjs.org/winston-transport/-/winston-transport-4.4.0.tgz"
  dependencies:
    readable-stream "^2.3.7"
    triple-beam "^1.2.0"

winston@^3.3.3:
  version "3.3.3"
  resolved "https://registry.npmjs.org/winston/-/winston-3.3.3.tgz"
  dependencies:
    "@dabh/diagnostics" "^2.0.2"
    async "^3.1.0"
    is-stream "^2.0.0"
    logform "^2.2.0"
    one-time "^1.0.0"
    readable-stream "^3.4.0"
    stack-trace "0.0.x"
    triple-beam "^1.3.0"
    winston-transport "^4.4.0"

wkx@^0.5.0:
  version "0.5.0"
  resolved "https://registry.npmjs.org/wkx/-/wkx-0.5.0.tgz"
  dependencies:
    "@types/node" "*"

wrap-ansi@^5.1.0:
  version "5.1.0"
  resolved "https://registry.npmjs.org/wrap-ansi/-/wrap-ansi-5.1.0.tgz"
  dependencies:
    ansi-styles "^3.2.0"
    string-width "^3.0.0"
    strip-ansi "^5.0.0"

wrappy@1:
  version "1.0.2"
  resolved "https://registry.npmjs.org/wrappy/-/wrappy-1.0.2.tgz"

ws@^7.5.1:
  version "7.5.5"
  resolved "https://registry.npmjs.org/ws/-/ws-7.5.5.tgz"

xtend@^4.0.0:
  version "4.0.2"
  resolved "https://registry.npmjs.org/xtend/-/xtend-4.0.2.tgz"

y18n@^4.0.0:
  version "4.0.3"
  resolved "https://registry.npmjs.org/y18n/-/y18n-4.0.3.tgz"

yallist@^2.1.2:
  version "2.1.2"
  resolved "https://registry.npmjs.org/yallist/-/yallist-2.1.2.tgz"

yallist@^4.0.0:
  version "4.0.0"
  resolved "https://registry.npmjs.org/yallist/-/yallist-4.0.0.tgz"

yargs-parser@^13.1.2:
  version "13.1.2"
  resolved "https://registry.npmjs.org/yargs-parser/-/yargs-parser-13.1.2.tgz"
  dependencies:
    camelcase "^5.0.0"
    decamelize "^1.2.0"

yargs@^13.1.0:
  version "13.3.2"
  resolved "https://registry.npmjs.org/yargs/-/yargs-13.3.2.tgz"
  dependencies:
    cliui "^5.0.0"
    find-up "^3.0.0"
    get-caller-file "^2.0.1"
    require-directory "^2.1.1"
    require-main-filename "^2.0.0"
    set-blocking "^2.0.0"
    string-width "^3.0.0"
    which-module "^2.0.0"
    y18n "^4.0.0"
    yargs-parser "^13.1.2"
